// !$*UTF8*$!
{
	archiveVersion = 1;
	classes = {
	};
	objectVersion = 46;
	objects = {

/* Begin PBXBuildFile section */
		18BD73A9199C513000757814 /* Foundation.framework in Frameworks */ = {isa = PBXBuildFile; fileRef = 18BD73A8199C513000757814 /* Foundation.framework */; };
		18BD73AB199C513000757814 /* CoreGraphics.framework in Frameworks */ = {isa = PBXBuildFile; fileRef = 18BD73AA199C513000757814 /* CoreGraphics.framework */; };
		18BD73AD199C513000757814 /* UIKit.framework in Frameworks */ = {isa = PBXBuildFile; fileRef = 18BD73AC199C513000757814 /* UIKit.framework */; };
		18BD73B3199C513000757814 /* InfoPlist.strings in Resources */ = {isa = PBXBuildFile; fileRef = 18BD73B1199C513000757814 /* InfoPlist.strings */; };
		18BD73B5199C513000757814 /* main.m in Sources */ = {isa = PBXBuildFile; fileRef = 18BD73B4199C513000757814 /* main.m */; };
		18BD73B9199C513000757814 /* HMAppDelegate.m in Sources */ = {isa = PBXBuildFile; fileRef = 18BD73B8199C513000757814 /* HMAppDelegate.m */; };
		18BD73BC199C513000757814 /* Main.storyboard in Resources */ = {isa = PBXBuildFile; fileRef = 18BD73BA199C513000757814 /* Main.storyboard */; };
		18BD73BF199C513000757814 /* HMViewController.m in Sources */ = {isa = PBXBuildFile; fileRef = 18BD73BE199C513000757814 /* HMViewController.m */; };
		18BD73C1199C513000757814 /* Images.xcassets in Resources */ = {isa = PBXBuildFile; fileRef = 18BD73C0199C513000757814 /* Images.xcassets */; };
		18BD73C8199C513000757814 /* XCTest.framework in Frameworks */ = {isa = PBXBuildFile; fileRef = 18BD73C7199C513000757814 /* XCTest.framework */; };
		18BD73C9199C513000757814 /* Foundation.framework in Frameworks */ = {isa = PBXBuildFile; fileRef = 18BD73A8199C513000757814 /* Foundation.framework */; };
		18BD73CA199C513000757814 /* UIKit.framework in Frameworks */ = {isa = PBXBuildFile; fileRef = 18BD73AC199C513000757814 /* UIKit.framework */; };
		18BD73D2199C513000757814 /* InfoPlist.strings in Resources */ = {isa = PBXBuildFile; fileRef = 18BD73D0199C513000757814 /* InfoPlist.strings */; };
		18BD73D4199C513000757814 /* _2_______Tests.m in Sources */ = {isa = PBXBuildFile; fileRef = 18BD73D3199C513000757814 /* _2_______Tests.m */; };
		18BD73DE199C524D00757814 /* buyao.wav in Resources */ = {isa = PBXBuildFile; fileRef = 18BD73DD199C524D00757814 /* buyao.wav */; };
		18BD73E1199C621800757814 /* HMDetailViewController.m in Sources */ = {isa = PBXBuildFile; fileRef = 18BD73E0199C621800757814 /* HMDetailViewController.m */; };
/* End PBXBuildFile section */

/* Begin PBXContainerItemProxy section */
		18BD73CB199C513000757814 /* PBXContainerItemProxy */ = {
			isa = PBXContainerItemProxy;
			containerPortal = 18BD739D199C513000757814 /* Project object */;
			proxyType = 1;
			remoteGlobalIDString = 18BD73A4199C513000757814;
			remoteInfo = "02-本地推送通知";
		};
/* End PBXContainerItemProxy section */

/* Begin PBXFileReference section */
		18BD73A5199C513000757814 /* 02-本地推送通知.app */ = {isa = PBXFileReference; explicitFileType = wrapper.application; includeInIndex = 0; path = "02-本地推送通知.app"; sourceTree = BUILT_PRODUCTS_DIR; };
		18BD73A8199C513000757814 /* Foundation.framework */ = {isa = PBXFileReference; lastKnownFileType = wrapper.framework; name = Foundation.framework; path = System/Library/Frameworks/Foundation.framework; sourceTree = SDKROOT; };
		18BD73AA199C513000757814 /* CoreGraphics.framework */ = {isa = PBXFileReference; lastKnownFileType = wrapper.framework; name = CoreGraphics.framework; path = System/Library/Frameworks/CoreGraphics.framework; sourceTree = SDKROOT; };
		18BD73AC199C513000757814 /* UIKit.framework */ = {isa = PBXFileReference; lastKnownFileType = wrapper.framework; name = UIKit.framework; path = System/Library/Frameworks/UIKit.framework; sourceTree = SDKROOT; };
		18BD73B0199C513000757814 /* 02-本地推送通知-Info.plist */ = {isa = PBXFileReference; lastKnownFileType = text.plist.xml; path = "02-本地推送通知-Info.plist"; sourceTree = "<group>"; };
		18BD73B2199C513000757814 /* en */ = {isa = PBXFileReference; lastKnownFileType = text.plist.strings; name = en; path = en.lproj/InfoPlist.strings; sourceTree = "<group>"; };
		18BD73B4199C513000757814 /* main.m */ = {isa = PBXFileReference; lastKnownFileType = sourcecode.c.objc; path = main.m; sourceTree = "<group>"; };
		18BD73B6199C513000757814 /* 02-本地推送通知-Prefix.pch */ = {isa = PBXFileReference; lastKnownFileType = sourcecode.c.h; path = "02-本地推送通知-Prefix.pch"; sourceTree = "<group>"; };
		18BD73B7199C513000757814 /* HMAppDelegate.h */ = {isa = PBXFileReference; lastKnownFileType = sourcecode.c.h; path = HMAppDelegate.h; sourceTree = "<group>"; };
		18BD73B8199C513000757814 /* HMAppDelegate.m */ = {isa = PBXFileReference; lastKnownFileType = sourcecode.c.objc; path = HMAppDelegate.m; sourceTree = "<group>"; };
		18BD73BB199C513000757814 /* Base */ = {isa = PBXFileReference; lastKnownFileType = file.storyboard; name = Base; path = Base.lproj/Main.storyboard; sourceTree = "<group>"; };
		18BD73BD199C513000757814 /* HMViewController.h */ = {isa = PBXFileReference; lastKnownFileType = sourcecode.c.h; path = HMViewController.h; sourceTree = "<group>"; };
		18BD73BE199C513000757814 /* HMViewController.m */ = {isa = PBXFileReference; lastKnownFileType = sourcecode.c.objc; path = HMViewController.m; sourceTree = "<group>"; };
		18BD73C0199C513000757814 /* Images.xcassets */ = {isa = PBXFileReference; lastKnownFileType = folder.assetcatalog; path = Images.xcassets; sourceTree = "<group>"; };
		18BD73C6199C513000757814 /* 02-本地推送通知Tests.xctest */ = {isa = PBXFileReference; explicitFileType = wrapper.cfbundle; includeInIndex = 0; path = "02-本地推送通知Tests.xctest"; sourceTree = BUILT_PRODUCTS_DIR; };
		18BD73C7199C513000757814 /* XCTest.framework */ = {isa = PBXFileReference; lastKnownFileType = wrapper.framework; name = XCTest.framework; path = Library/Frameworks/XCTest.framework; sourceTree = DEVELOPER_DIR; };
		18BD73CF199C513000757814 /* 02-本地推送通知Tests-Info.plist */ = {isa = PBXFileReference; lastKnownFileType = text.plist.xml; path = "02-本地推送通知Tests-Info.plist"; sourceTree = "<group>"; };
		18BD73D1199C513000757814 /* en */ = {isa = PBXFileReference; lastKnownFileType = text.plist.strings; name = en; path = en.lproj/InfoPlist.strings; sourceTree = "<group>"; };
		18BD73D3199C513000757814 /* _2_______Tests.m */ = {isa = PBXFileReference; lastKnownFileType = sourcecode.c.objc; path = "_2_______Tests.m"; sourceTree = "<group>"; };
		18BD73DD199C524D00757814 /* buyao.wav */ = {isa = PBXFileReference; lastKnownFileType = audio.wav; path = buyao.wav; sourceTree = "<group>"; };
		18BD73DF199C621800757814 /* HMDetailViewController.h */ = {isa = PBXFileReference; fileEncoding = 4; lastKnownFileType = sourcecode.c.h; path = HMDetailViewController.h; sourceTree = "<group>"; };
		18BD73E0199C621800757814 /* HMDetailViewController.m */ = {isa = PBXFileReference; fileEncoding = 4; lastKnownFileType = sourcecode.c.objc; path = HMDetailViewController.m; sourceTree = "<group>"; };
/* End PBXFileReference section */

/* Begin PBXFrameworksBuildPhase section */
		18BD73A2199C513000757814 /* Frameworks */ = {
			isa = PBXFrameworksBuildPhase;
			buildActionMask = 2147483647;
			files = (
				18BD73AB199C513000757814 /* CoreGraphics.framework in Frameworks */,
				18BD73AD199C513000757814 /* UIKit.framework in Frameworks */,
				18BD73A9199C513000757814 /* Foundation.framework in Frameworks */,
			);
			runOnlyForDeploymentPostprocessing = 0;
		};
		18BD73C3199C513000757814 /* Frameworks */ = {
			isa = PBXFrameworksBuildPhase;
			buildActionMask = 2147483647;
			files = (
				18BD73C8199C513000757814 /* XCTest.framework in Frameworks */,
				18BD73CA199C513000757814 /* UIKit.framework in Frameworks */,
				18BD73C9199C513000757814 /* Foundation.framework in Frameworks */,
			);
			runOnlyForDeploymentPostprocessing = 0;
		};
/* End PBXFrameworksBuildPhase section */

/* Begin PBXGroup section */
		18BD739C199C513000757814 = {
			isa = PBXGroup;
			children = (
				18BD73AE199C513000757814 /* 02-本地推送通知 */,
				18BD73CD199C513000757814 /* 02-本地推送通知Tests */,
				18BD73A7199C513000757814 /* Frameworks */,
				18BD73A6199C513000757814 /* Products */,
			);
			sourceTree = "<group>";
		};
		18BD73A6199C513000757814 /* Products */ = {
			isa = PBXGroup;
			children = (
				18BD73A5199C513000757814 /* 02-本地推送通知.app */,
				18BD73C6199C513000757814 /* 02-本地推送通知Tests.xctest */,
			);
			name = Products;
			sourceTree = "<group>";
		};
		18BD73A7199C513000757814 /* Frameworks */ = {
			isa = PBXGroup;
			children = (
				18BD73A8199C513000757814 /* Foundation.framework */,
				18BD73AA199C513000757814 /* CoreGraphics.framework */,
				18BD73AC199C513000757814 /* UIKit.framework */,
				18BD73C7199C513000757814 /* XCTest.framework */,
			);
			name = Frameworks;
			sourceTree = "<group>";
		};
		18BD73AE199C513000757814 /* 02-本地推送通知 */ = {
			isa = PBXGroup;
			children = (
				18BD73B7199C513000757814 /* HMAppDelegate.h */,
				18BD73B8199C513000757814 /* HMAppDelegate.m */,
				18BD73BA199C513000757814 /* Main.storyboard */,
				18BD73BD199C513000757814 /* HMViewController.h */,
				18BD73BE199C513000757814 /* HMViewController.m */,
				18BD73DF199C621800757814 /* HMDetailViewController.h */,
				18BD73E0199C621800757814 /* HMDetailViewController.m */,
				18BD73C0199C513000757814 /* Images.xcassets */,
				18BD73AF199C513000757814 /* Supporting Files */,
			);
			path = "02-本地推送通知";
			sourceTree = "<group>";
		};
		18BD73AF199C513000757814 /* Supporting Files */ = {
			isa = PBXGroup;
			children = (
				18BD73DD199C524D00757814 /* buyao.wav */,
				18BD73B0199C513000757814 /* 02-本地推送通知-Info.plist */,
				18BD73B1199C513000757814 /* InfoPlist.strings */,
				18BD73B4199C513000757814 /* main.m */,
				18BD73B6199C513000757814 /* 02-本地推送通知-Prefix.pch */,
			);
			name = "Supporting Files";
			sourceTree = "<group>";
		};
		18BD73CD199C513000757814 /* 02-本地推送通知Tests */ = {
			isa = PBXGroup;
			children = (
				18BD73D3199C513000757814 /* _2_______Tests.m */,
				18BD73CE199C513000757814 /* Supporting Files */,
			);
			path = "02-本地推送通知Tests";
			sourceTree = "<group>";
		};
		18BD73CE199C513000757814 /* Supporting Files */ = {
			isa = PBXGroup;
			children = (
				18BD73CF199C513000757814 /* 02-本地推送通知Tests-Info.plist */,
				18BD73D0199C513000757814 /* InfoPlist.strings */,
			);
			name = "Supporting Files";
			sourceTree = "<group>";
		};
/* End PBXGroup section */

/* Begin PBXNativeTarget section */
		18BD73A4199C513000757814 /* 02-本地推送通知 */ = {
			isa = PBXNativeTarget;
			buildConfigurationList = 18BD73D7199C513000757814 /* Build configuration list for PBXNativeTarget "02-本地推送通知" */;
			buildPhases = (
				18BD73A1199C513000757814 /* Sources */,
				18BD73A2199C513000757814 /* Frameworks */,
				18BD73A3199C513000757814 /* Resources */,
			);
			buildRules = (
			);
			dependencies = (
			);
			name = "02-本地推送通知";
			productName = "02-本地推送通知";
			productReference = 18BD73A5199C513000757814 /* 02-本地推送通知.app */;
			productType = "com.apple.product-type.application";
		};
		18BD73C5199C513000757814 /* 02-本地推送通知Tests */ = {
			isa = PBXNativeTarget;
			buildConfigurationList = 18BD73DA199C513000757814 /* Build configuration list for PBXNativeTarget "02-本地推送通知Tests" */;
			buildPhases = (
				18BD73C2199C513000757814 /* Sources */,
				18BD73C3199C513000757814 /* Frameworks */,
				18BD73C4199C513000757814 /* Resources */,
			);
			buildRules = (
			);
			dependencies = (
				18BD73CC199C513000757814 /* PBXTargetDependency */,
			);
			name = "02-本地推送通知Tests";
			productName = "02-本地推送通知Tests";
			productReference = 18BD73C6199C513000757814 /* 02-本地推送通知Tests.xctest */;
			productType = "com.apple.product-type.bundle.unit-test";
		};
/* End PBXNativeTarget section */

/* Begin PBXProject section */
		18BD739D199C513000757814 /* Project object */ = {
			isa = PBXProject;
			attributes = {
				CLASSPREFIX = HM;
				LastUpgradeCheck = 0510;
				ORGANIZATIONNAME = heima;
				TargetAttributes = {
					18BD73C5199C513000757814 = {
						TestTargetID = 18BD73A4199C513000757814;
					};
				};
			};
			buildConfigurationList = 18BD73A0199C513000757814 /* Build configuration list for PBXProject "02-本地推送通知" */;
			compatibilityVersion = "Xcode 3.2";
			developmentRegion = English;
			hasScannedForEncodings = 0;
			knownRegions = (
				en,
				Base,
			);
			mainGroup = 18BD739C199C513000757814;
			productRefGroup = 18BD73A6199C513000757814 /* Products */;
			projectDirPath = "";
			projectRoot = "";
			targets = (
				18BD73A4199C513000757814 /* 02-本地推送通知 */,
				18BD73C5199C513000757814 /* 02-本地推送通知Tests */,
			);
		};
/* End PBXProject section */

/* Begin PBXResourcesBuildPhase section */
		18BD73A3199C513000757814 /* Resources */ = {
			isa = PBXResourcesBuildPhase;
			buildActionMask = 2147483647;
			files = (
				18BD73C1199C513000757814 /* Images.xcassets in Resources */,
				18BD73DE199C524D00757814 /* buyao.wav in Resources */,
				18BD73B3199C513000757814 /* InfoPlist.strings in Resources */,
				18BD73BC199C513000757814 /* Main.storyboard in Resources */,
			);
			runOnlyForDeploymentPostprocessing = 0;
		};
		18BD73C4199C513000757814 /* Resources */ = {
			isa = PBXResourcesBuildPhase;
			buildActionMask = 2147483647;
			files = (
				18BD73D2199C513000757814 /* InfoPlist.strings in Resources */,
			);
			runOnlyForDeploymentPostprocessing = 0;
		};
/* End PBXResourcesBuildPhase section */

/* Begin PBXSourcesBuildPhase section */
		18BD73A1199C513000757814 /* Sources */ = {
			isa = PBXSourcesBuildPhase;
			buildActionMask = 2147483647;
			files = (
				18BD73BF199C513000757814 /* HMViewController.m in Sources */,
				18BD73B5199C513000757814 /* main.m in Sources */,
				18BD73E1199C621800757814 /* HMDetailViewController.m in Sources */,
				18BD73B9199C513000757814 /* HMAppDelegate.m in Sources */,
			);
			runOnlyForDeploymentPostprocessing = 0;
		};
		18BD73C2199C513000757814 /* Sources */ = {
			isa = PBXSourcesBuildPhase;
			buildActionMask = 2147483647;
			files = (
				18BD73D4199C513000757814 /* _2_______Tests.m in Sources */,
			);
			runOnlyForDeploymentPostprocessing = 0;
		};
/* End PBXSourcesBuildPhase section */

/* Begin PBXTargetDependency section */
		18BD73CC199C513000757814 /* PBXTargetDependency */ = {
			isa = PBXTargetDependency;
			target = 18BD73A4199C513000757814 /* 02-本地推送通知 */;
			targetProxy = 18BD73CB199C513000757814 /* PBXContainerItemProxy */;
		};
/* End PBXTargetDependency section */

/* Begin PBXVariantGroup section */
		18BD73B1199C513000757814 /* InfoPlist.strings */ = {
			isa = PBXVariantGroup;
			children = (
				18BD73B2199C513000757814 /* en */,
			);
			name = InfoPlist.strings;
			sourceTree = "<group>";
		};
		18BD73BA199C513000757814 /* Main.storyboard */ = {
			isa = PBXVariantGroup;
			children = (
				18BD73BB199C513000757814 /* Base */,
			);
			name = Main.storyboard;
			sourceTree = "<group>";
		};
		18BD73D0199C513000757814 /* InfoPlist.strings */ = {
			isa = PBXVariantGroup;
			children = (
				18BD73D1199C513000757814 /* en */,
			);
			name = InfoPlist.strings;
			sourceTree = "<group>";
		};
/* End PBXVariantGroup section */

/* Begin XCBuildConfiguration section */
		18BD73D5199C513000757814 /* Debug */ = {
			isa = XCBuildConfiguration;
			buildSettings = {
				ALWAYS_SEARCH_USER_PATHS = NO;
				CLANG_CXX_LANGUAGE_STANDARD = "gnu++0x";
				CLANG_CXX_LIBRARY = "libc++";
				CLANG_ENABLE_MODULES = YES;
				CLANG_ENABLE_OBJC_ARC = YES;
				CLANG_WARN_BOOL_CONVERSION = YES;
				CLANG_WARN_CONSTANT_CONVERSION = YES;
				CLANG_WARN_DIRECT_OBJC_ISA_USAGE = YES_ERROR;
				CLANG_WARN_EMPTY_BODY = YES;
				CLANG_WARN_ENUM_CONVERSION = YES;
				CLANG_WARN_INT_CONVERSION = YES;
				CLANG_WARN_OBJC_ROOT_CLASS = YES_ERROR;
				CLANG_WARN__DUPLICATE_METHOD_MATCH = YES;
				"CODE_SIGN_IDENTITY[sdk=iphoneos*]" = "iPhone Developer";
				COPY_PHASE_STRIP = NO;
				GCC_C_LANGUAGE_STANDARD = gnu99;
				GCC_DYNAMIC_NO_PIC = NO;
				GCC_OPTIMIZATION_LEVEL = 0;
				GCC_PREPROCESSOR_DEFINITIONS = (
					"DEBUG=1",
					"$(inherited)",
				);
				GCC_SYMBOLS_PRIVATE_EXTERN = NO;
				GCC_WARN_64_TO_32_BIT_CONVERSION = YES;
				GCC_WARN_ABOUT_RETURN_TYPE = YES_ERROR;
				GCC_WARN_UNDECLARED_SELECTOR = YES;
				GCC_WARN_UNINITIALIZED_AUTOS = YES_AGGRESSIVE;
				GCC_WARN_UNUSED_FUNCTION = YES;
				GCC_WARN_UNUSED_VARIABLE = YES;
				IPHONEOS_DEPLOYMENT_TARGET = 7.1;
				ONLY_ACTIVE_ARCH = YES;
				SDKROOT = iphoneos;
			};
			name = Debug;
		};
		18BD73D6199C513000757814 /* Release */ = {
			isa = XCBuildConfiguration;
			buildSettings = {
				ALWAYS_SEARCH_USER_PATHS = NO;
				CLANG_CXX_LANGUAGE_STANDARD = "gnu++0x";
				CLANG_CXX_LIBRARY = "libc++";
				CLANG_ENABLE_MODULES = YES;
				CLANG_ENABLE_OBJC_ARC = YES;
				CLANG_WARN_BOOL_CONVERSION = YES;
				CLANG_WARN_CONSTANT_CONVERSION = YES;
				CLANG_WARN_DIRECT_OBJC_ISA_USAGE = YES_ERROR;
				CLANG_WARN_EMPTY_BODY = YES;
				CLANG_WARN_ENUM_CONVERSION = YES;
				CLANG_WARN_INT_CONVERSION = YES;
				CLANG_WARN_OBJC_ROOT_CLASS = YES_ERROR;
				CLANG_WARN__DUPLICATE_METHOD_MATCH = YES;
				"CODE_SIGN_IDENTITY[sdk=iphoneos*]" = "iPhone Developer";
				COPY_PHASE_STRIP = YES;
				ENABLE_NS_ASSERTIONS = NO;
				GCC_C_LANGUAGE_STANDARD = gnu99;
				GCC_WARN_64_TO_32_BIT_CONVERSION = YES;
				GCC_WARN_ABOUT_RETURN_TYPE = YES_ERROR;
				GCC_WARN_UNDECLARED_SELECTOR = YES;
				GCC_WARN_UNINITIALIZED_AUTOS = YES_AGGRESSIVE;
				GCC_WARN_UNUSED_FUNCTION = YES;
				GCC_WARN_UNUSED_VARIABLE = YES;
				IPHONEOS_DEPLOYMENT_TARGET = 7.1;
				SDKROOT = iphoneos;
				VALIDATE_PRODUCT = YES;
			};
			name = Release;
		};
		18BD73D8199C513000757814 /* Debug */ = {
			isa = XCBuildConfiguration;
			buildSettings = {
				ASSETCATALOG_COMPILER_APPICON_NAME = AppIcon;
				ASSETCATALOG_COMPILER_LAUNCHIMAGE_NAME = LaunchImage;
				GCC_PRECOMPILE_PREFIX_HEADER = YES;
				GCC_PREFIX_HEADER = "02-本地推送通知/02-本地推送通知-Prefix.pch";
				INFOPLIST_FILE = "02-本地推送通知/02-本地推送通知-Info.plist";
				IPHONEOS_DEPLOYMENT_TARGET = 6.1;
				PRODUCT_NAME = "$(TARGET_NAME)";
				WRAPPER_EXTENSION = app;
			};
			name = Debug;
		};
		18BD73D9199C513000757814 /* Release */ = {
			isa = XCBuildConfiguration;
			buildSettings = {
				ASSETCATALOG_COMPILER_APPICON_NAME = AppIcon;
				ASSETCATALOG_COMPILER_LAUNCHIMAGE_NAME = LaunchImage;
				GCC_PRECOMPILE_PREFIX_HEADER = YES;
				GCC_PREFIX_HEADER = "02-本地推送通知/02-本地推送通知-Prefix.pch";
				INFOPLIST_FILE = "02-本地推送通知/02-本地推送通知-Info.plist";
				IPHONEOS_DEPLOYMENT_TARGET = 6.1;
				PRODUCT_NAME = "$(TARGET_NAME)";
				WRAPPER_EXTENSION = app;
			};
			name = Release;
		};
		18BD73DB199C513000757814 /* Debug */ = {
			isa = XCBuildConfiguration;
			buildSettings = {
				BUNDLE_LOADER = "$(BUILT_PRODUCTS_DIR)/02-本地推送通知.app/02-本地推送通知";
				FRAMEWORK_SEARCH_PATHS = (
					"$(SDKROOT)/Developer/Library/Frameworks",
					"$(inherited)",
					"$(DEVELOPER_FRAMEWORKS_DIR)",
				);
				GCC_PRECOMPILE_PREFIX_HEADER = YES;
				GCC_PREFIX_HEADER = "02-本地推送通知/02-本地推送通知-Prefix.pch";
				GCC_PREPROCESSOR_DEFINITIONS = (
					"DEBUG=1",
					"$(inherited)",
				);
				INFOPLIST_FILE = "02-本地推送通知Tests/02-本地推送通知Tests-Info.plist";
				PRODUCT_NAME = "$(TARGET_NAME)";
				TEST_HOST = "$(BUNDLE_LOADER)";
				WRAPPER_EXTENSION = xctest;
			};
			name = Debug;
		};
		18BD73DC199C513000757814 /* Release */ = {
			isa = XCBuildConfiguration;
			buildSettings = {
				BUNDLE_LOADER = "$(BUILT_PRODUCTS_DIR)/02-本地推送通知.app/02-本地推送通知";
				FRAMEWORK_SEARCH_PATHS = (
					"$(SDKROOT)/Developer/Library/Frameworks",
					"$(inherited)",
					"$(DEVELOPER_FRAMEWORKS_DIR)",
				);
				GCC_PRECOMPILE_PREFIX_HEADER = YES;
				GCC_PREFIX_HEADER = "02-本地推送通知/02-本地推送通知-Prefix.pch";
				INFOPLIST_FILE = "02-本地推送通知Tests/02-本地推送通知Tests-Info.plist";
				PRODUCT_NAME = "$(TARGET_NAME)";
				TEST_HOST = "$(BUNDLE_LOADER)";
				WRAPPER_EXTENSION = xctest;
			};
			name = Release;
		};
/* End XCBuildConfiguration section */

/* Begin XCConfigurationList section */
		18BD73A0199C513000757814 /* Build configuration list for PBXProject "02-本地推送通知" */ = {
			isa = XCConfigurationList;
			buildConfigurations = (
				18BD73D5199C513000757814 /* Debug */,
				18BD73D6199C513000757814 /* Release */,
			);
			defaultConfigurationIsVisible = 0;
			defaultConfigurationName = Release;
		};
		18BD73D7199C513000757814 /* Build configuration list for PBXNativeTarget "02-本地推送通知" */ = {
			isa = XCConfigurationList;
			buildConfigurations = (
				18BD73D8199C513000757814 /* Debug */,
				18BD73D9199C513000757814 /* Release */,
			);
			defaultConfigurationIsVisible = 0;
			defaultConfigurationName = Release;
		};
		18BD73DA199C513000757814 /* Build configuration list for PBXNativeTarget "02-本地推送通知Tests" */ = {
			isa = XCConfigurationList;
			buildConfigurations = (
				18BD73DB199C513000757814 /* Debug */,
				18BD73DC199C513000757814 /* Release */,
			);
			defaultConfigurationIsVisible = 0;
			defaultConfigurationName = Release;
		};
/* End XCConfigurationList section */
	};
	rootObject = 18BD739D199C513000757814 /* Project object */;
}
