// !$*UTF8*$!
{
	archiveVersion = 1;
	classes = {
	};
	objectVersion = 46;
	objects = {

/* Begin PBXBuildFile section */
		CEFF038F1EE64F5F0015D918 /* AppDelegate.swift in Sources */ = {isa = PBXBuildFile; fileRef = CEFF038E1EE64F5F0015D918 /* AppDelegate.swift */; };
		CEFF03911EE64F5F0015D918 /* ViewController.swift in Sources */ = {isa = PBXBuildFile; fileRef = CEFF03901EE64F5F0015D918 /* ViewController.swift */; };
		CEFF03941EE64F5F0015D918 /* Main.storyboard in Resources */ = {isa = PBXBuildFile; fileRef = CEFF03921EE64F5F0015D918 /* Main.storyboard */; };
		CEFF03961EE64F5F0015D918 /* Assets.xcassets in Resources */ = {isa = PBXBuildFile; fileRef = CEFF03951EE64F5F0015D918 /* Assets.xcassets */; };
		CEFF03991EE64F5F0015D918 /* LaunchScreen.storyboard in Resources */ = {isa = PBXBuildFile; fileRef = CEFF03971EE64F5F0015D918 /* LaunchScreen.storyboard */; };
		CEFF03A11EE64F9B0015D918 /* XMLParserManager.swift in Sources */ = {isa = PBXBuildFile; fileRef = CEFF03A01EE64F9B0015D918 /* XMLParserManager.swift */; };
		CEFF03A31EE67AF60015D918 /* StateTableViewCell.swift in Sources */ = {isa = PBXBuildFile; fileRef = CEFF03A21EE67AF60015D918 /* StateTableViewCell.swift */; };
/* End PBXBuildFile section */

/* Begin PBXFileReference section */
		CEFF038B1EE64F5F0015D918 /* XMLParser.app */ = {isa = PBXFileReference; explicitFileType = wrapper.application; includeInIndex = 0; path = XMLParser.app; sourceTree = BUILT_PRODUCTS_DIR; };
		CEFF038E1EE64F5F0015D918 /* AppDelegate.swift */ = {isa = PBXFileReference; lastKnownFileType = sourcecode.swift; path = AppDelegate.swift; sourceTree = "<group>"; };
		CEFF03901EE64F5F0015D918 /* ViewController.swift */ = {isa = PBXFileReference; lastKnownFileType = sourcecode.swift; path = ViewController.swift; sourceTree = "<group>"; };
		CEFF03931EE64F5F0015D918 /* Base */ = {isa = PBXFileReference; lastKnownFileType = file.storyboard; name = Base; path = Base.lproj/Main.storyboard; sourceTree = "<group>"; };
		CEFF03951EE64F5F0015D918 /* Assets.xcassets */ = {isa = PBXFileReference; lastKnownFileType = folder.assetcatalog; path = Assets.xcassets; sourceTree = "<group>"; };
		CEFF03981EE64F5F0015D918 /* Base */ = {isa = PBXFileReference; lastKnownFileType = file.storyboard; name = Base; path = Base.lproj/LaunchScreen.storyboard; sourceTree = "<group>"; };
		CEFF039A1EE64F5F0015D918 /* Info.plist */ = {isa = PBXFileReference; lastKnownFileType = text.plist.xml; path = Info.plist; sourceTree = "<group>"; };
		CEFF03A01EE64F9B0015D918 /* XMLParserManager.swift */ = {isa = PBXFileReference; fileEncoding = 4; lastKnownFileType = sourcecode.swift; path = XMLParserManager.swift; sourceTree = "<group>"; };
		CEFF03A21EE67AF60015D918 /* StateTableViewCell.swift */ = {isa = PBXFileReference; fileEncoding = 4; lastKnownFileType = sourcecode.swift; path = StateTableViewCell.swift; sourceTree = "<group>"; };
/* End PBXFileReference section */

/* Begin PBXFrameworksBuildPhase section */
		CEFF03881EE64F5F0015D918 /* Frameworks */ = {
			isa = PBXFrameworksBuildPhase;
			buildActionMask = 2147483647;
			files = (
			);
			runOnlyForDeploymentPostprocessing = 0;
		};
/* End PBXFrameworksBuildPhase section */

/* Begin PBXGroup section */
		CEFF03821EE64F5F0015D918 = {
			isa = PBXGroup;
			children = (
				CEFF038D1EE64F5F0015D918 /* XMLParser */,
				CEFF038C1EE64F5F0015D918 /* Products */,
			);
			sourceTree = "<group>";
		};
		CEFF038C1EE64F5F0015D918 /* Products */ = {
			isa = PBXGroup;
			children = (
				CEFF038B1EE64F5F0015D918 /* XMLParser.app */,
			);
			name = Products;
			sourceTree = "<group>";
		};
		CEFF038D1EE64F5F0015D918 /* XMLParser */ = {
			isa = PBXGroup;
			children = (
				CEFF038E1EE64F5F0015D918 /* AppDelegate.swift */,
				CEFF03901EE64F5F0015D918 /* ViewController.swift */,
				CEFF03A01EE64F9B0015D918 /* XMLParserManager.swift */,
				CEFF03A21EE67AF60015D918 /* StateTableViewCell.swift */,
				CEFF03921EE64F5F0015D918 /* Main.storyboard */,
				CEFF03951EE64F5F0015D918 /* Assets.xcassets */,
				CEFF03971EE64F5F0015D918 /* LaunchScreen.storyboard */,
				CEFF039A1EE64F5F0015D918 /* Info.plist */,
			);
			path = XMLParser;
			sourceTree = "<group>";
		};
/* End PBXGroup section */

/* Begin PBXNativeTarget section */
		CEFF038A1EE64F5F0015D918 /* XMLParser */ = {
			isa = PBXNativeTarget;
			buildConfigurationList = CEFF039D1EE64F5F0015D918 /* Build configuration list for PBXNativeTarget "XMLParser" */;
			buildPhases = (
				CEFF03871EE64F5F0015D918 /* Sources */,
				CEFF03881EE64F5F0015D918 /* Frameworks */,
				CEFF03891EE64F5F0015D918 /* Resources */,
			);
			buildRules = (
			);
			dependencies = (
			);
			name = XMLParser;
			productName = XMLParser;
			productReference = CEFF038B1EE64F5F0015D918 /* XMLParser.app */;
			productType = "com.apple.product-type.application";
		};
/* End PBXNativeTarget section */

/* Begin PBXProject section */
		CEFF03831EE64F5F0015D918 /* Project object */ = {
			isa = PBXProject;
			attributes = {
				LastSwiftUpdateCheck = 0830;
				LastUpgradeCheck = 0830;
				ORGANIZATIONNAME = user;
				TargetAttributes = {
					CEFF038A1EE64F5F0015D918 = {
						CreatedOnToolsVersion = 8.3;
						ProvisioningStyle = Automatic;
					};
				};
			};
			buildConfigurationList = CEFF03861EE64F5F0015D918 /* Build configuration list for PBXProject "XMLParser" */;
			compatibilityVersion = "Xcode 3.2";
			developmentRegion = English;
			hasScannedForEncodings = 0;
			knownRegions = (
				en,
				Base,
			);
			mainGroup = CEFF03821EE64F5F0015D918;
			productRefGroup = CEFF038C1EE64F5F0015D918 /* Products */;
			projectDirPath = "";
			projectRoot = "";
			targets = (
				CEFF038A1EE64F5F0015D918 /* XMLParser */,
			);
		};
/* End PBXProject section */

/* Begin PBXResourcesBuildPhase section */
		CEFF03891EE64F5F0015D918 /* Resources */ = {
			isa = PBXResourcesBuildPhase;
			buildActionMask = 2147483647;
			files = (
				CEFF03991EE64F5F0015D918 /* LaunchScreen.storyboard in Resources */,
				CEFF03961EE64F5F0015D918 /* Assets.xcassets in Resources */,
				CEFF03941EE64F5F0015D918 /* Main.storyboard in Resources */,
			);
			runOnlyForDeploymentPostprocessing = 0;
		};
/* End PBXResourcesBuildPhase section */

/* Begin PBXSourcesBuildPhase section */
		CEFF03871EE64F5F0015D918 /* Sources */ = {
			isa = PBXSourcesBuildPhase;
			buildActionMask = 2147483647;
			files = (
				CEFF03911EE64F5F0015D918 /* ViewController.swift in Sources */,
				CEFF03A11EE64F9B0015D918 /* XMLParserManager.swift in Sources */,
				CEFF038F1EE64F5F0015D918 /* AppDelegate.swift in Sources */,
				CEFF03A31EE67AF60015D918 /* StateTableViewCell.swift in Sources */,
			);
			runOnlyForDeploymentPostprocessing = 0;
		};
/* End PBXSourcesBuildPhase section */

/* Begin PBXVariantGroup section */
		CEFF03921EE64F5F0015D918 /* Main.storyboard */ = {
			isa = PBXVariantGroup;
			children = (
				CEFF03931EE64F5F0015D918 /* Base */,
			);
			name = Main.storyboard;
			sourceTree = "<group>";
		};
		CEFF03971EE64F5F0015D918 /* LaunchScreen.storyboard */ = {
			isa = PBXVariantGroup;
			children = (
				CEFF03981EE64F5F0015D918 /* Base */,
			);
			name = LaunchScreen.storyboard;
			sourceTree = "<group>";
		};
/* End PBXVariantGroup section */

/* Begin XCBuildConfiguration section */
		CEFF039B1EE64F5F0015D918 /* Debug */ = {
			isa = XCBuildConfiguration;
			buildSettings = {
				ALWAYS_SEARCH_USER_PATHS = NO;
				CLANG_ANALYZER_NONNULL = YES;
				CLANG_ANALYZER_NUMBER_OBJECT_CONVERSION = YES_AGGRESSIVE;
				CLANG_CXX_LANGUAGE_STANDARD = "gnu++0x";
				CLANG_CXX_LIBRARY = "libc++";
				CLANG_ENABLE_MODULES = YES;
				CLANG_ENABLE_OBJC_ARC = YES;
				CLANG_WARN_BOOL_CONVERSION = YES;
				CLANG_WARN_CONSTANT_CONVERSION = YES;
				CLANG_WARN_DIRECT_OBJC_ISA_USAGE = YES_ERROR;
				CLANG_WARN_DOCUMENTATION_COMMENTS = YES;
				CLANG_WARN_EMPTY_BODY = YES;
				CLANG_WARN_ENUM_CONVERSION = YES;
				CLANG_WARN_INFINITE_RECURSION = YES;
				CLANG_WARN_INT_CONVERSION = YES;
				CLANG_WARN_OBJC_ROOT_CLASS = YES_ERROR;
				CLANG_WARN_SUSPICIOUS_MOVE = YES;
				CLANG_WARN_UNREACHABLE_CODE = YES;
				CLANG_WARN__DUPLICATE_METHOD_MATCH = YES;
				"CODE_SIGN_IDENTITY[sdk=iphoneos*]" = "iPhone Developer";
				COPY_PHASE_STRIP = NO;
				DEBUG_INFORMATION_FORMAT = dwarf;
				ENABLE_STRICT_OBJC_MSGSEND = YES;
				ENABLE_TESTABILITY = YES;
				GCC_C_LANGUAGE_STANDARD = gnu99;
				GCC_DYNAMIC_NO_PIC = NO;
				GCC_NO_COMMON_BLOCKS = YES;
				GCC_OPTIMIZATION_LEVEL = 0;
				GCC_PREPROCESSOR_DEFINITIONS = (
					"DEBUG=1",
					"$(inherited)",
				);
				GCC_WARN_64_TO_32_BIT_CONVERSION = YES;
				GCC_WARN_ABOUT_RETURN_TYPE = YES_ERROR;
				GCC_WARN_UNDECLARED_SELECTOR = YES;
				GCC_WARN_UNINITIALIZED_AUTOS = YES_AGGRESSIVE;
				GCC_WARN_UNUSED_FUNCTION = YES;
				GCC_WARN_UNUSED_VARIABLE = YES;
				IPHONEOS_DEPLOYMENT_TARGET = 10.3;
				MTL_ENABLE_DEBUG_INFO = YES;
				ONLY_ACTIVE_ARCH = YES;
				SDKROOT = iphoneos;
				SWIFT_ACTIVE_COMPILATION_CONDITIONS = DEBUG;
				SWIFT_OPTIMIZATION_LEVEL = "-Onone";
			};
			name = Debug;
		};
		CEFF039C1EE64F5F0015D918 /* Release */ = {
			isa = XCBuildConfiguration;
			buildSettings = {
				ALWAYS_SEARCH_USER_PATHS = NO;
				CLANG_ANALYZER_NONNULL = YES;
				CLANG_ANALYZER_NUMBER_OBJECT_CONVERSION = YES_AGGRESSIVE;
				CLANG_CXX_LANGUAGE_STANDARD = "gnu++0x";
				CLANG_CXX_LIBRARY = "libc++";
				CLANG_ENABLE_MODULES = YES;
				CLANG_ENABLE_OBJC_ARC = YES;
				CLANG_WARN_BOOL_CONVERSION = YES;
				CLANG_WARN_CONSTANT_CONVERSION = YES;
				CLANG_WARN_DIRECT_OBJC_ISA_USAGE = YES_ERROR;
				CLANG_WARN_DOCUMENTATION_COMMENTS = YES;
				CLANG_WARN_EMPTY_BODY = YES;
				CLANG_WARN_ENUM_CONVERSION = YES;
				CLANG_WARN_INFINITE_RECURSION = YES;
				CLANG_WARN_INT_CONVERSION = YES;
				CLANG_WARN_OBJC_ROOT_CLASS = YES_ERROR;
				CLANG_WARN_SUSPICIOUS_MOVE = YES;
				CLANG_WARN_UNREACHABLE_CODE = YES;
				CLANG_WARN__DUPLICATE_METHOD_MATCH = YES;
				"CODE_SIGN_IDENTITY[sdk=iphoneos*]" = "iPhone Developer";
				COPY_PHASE_STRIP = NO;
				DEBUG_INFORMATION_FORMAT = "dwarf-with-dsym";
				ENABLE_NS_ASSERTIONS = NO;
				ENABLE_STRICT_OBJC_MSGSEND = YES;
				GCC_C_LANGUAGE_STANDARD = gnu99;
				GCC_NO_COMMON_BLOCKS = YES;
				GCC_WARN_64_TO_32_BIT_CONVERSION = YES;
				GCC_WARN_ABOUT_RETURN_TYPE = YES_ERROR;
				GCC_WARN_UNDECLARED_SELECTOR = YES;
				GCC_WARN_UNINITIALIZED_AUTOS = YES_AGGRESSIVE;
				GCC_WARN_UNUSED_FUNCTION = YES;
				GCC_WARN_UNUSED_VARIABLE = YES;
				IPHONEOS_DEPLOYMENT_TARGET = 10.3;
				MTL_ENABLE_DEBUG_INFO = NO;
				SDKROOT = iphoneos;
				SWIFT_OPTIMIZATION_LEVEL = "-Owholemodule";
				VALIDATE_PRODUCT = YES;
			};
			name = Release;
		};
		CEFF039E1EE64F5F0015D918 /* Debug */ = {
			isa = XCBuildConfiguration;
			buildSettings = {
				ASSETCATALOG_COMPILER_APPICON_NAME = AppIcon;
				INFOPLIST_FILE = XMLParser/Info.plist;
				LD_RUNPATH_SEARCH_PATHS = "$(inherited) @executable_path/Frameworks";
				PRODUCT_BUNDLE_IDENTIFIER = com.ngliao.XMLParser;
				PRODUCT_NAME = "$(TARGET_NAME)";
				SWIFT_VERSION = 3.0;
			};
			name = Debug;
		};
		CEFF039F1EE64F5F0015D918 /* Release */ = {
			isa = XCBuildConfiguration;
			buildSettings = {
				ASSETCATALOG_COMPILER_APPICON_NAME = AppIcon;
				INFOPLIST_FILE = XMLParser/Info.plist;
				LD_RUNPATH_SEARCH_PATHS = "$(inherited) @executable_path/Frameworks";
				PRODUCT_BUNDLE_IDENTIFIER = com.ngliao.XMLParser;
				PRODUCT_NAME = "$(TARGET_NAME)";
				SWIFT_VERSION = 3.0;
			};
			name = Release;
		};
/* End XCBuildConfiguration section */

/* Begin XCConfigurationList section */
		CEFF03861EE64F5F0015D918 /* Build configuration list for PBXProject "XMLParser" */ = {
			isa = XCConfigurationList;
			buildConfigurations = (
				CEFF039B1EE64F5F0015D918 /* Debug */,
				CEFF039C1EE64F5F0015D918 /* Release */,
			);
			defaultConfigurationIsVisible = 0;
			defaultConfigurationName = Release;
		};
		CEFF039D1EE64F5F0015D918 /* Build configuration list for PBXNativeTarget "XMLParser" */ = {
			isa = XCConfigurationList;
			buildConfigurations = (
				CEFF039E1EE64F5F0015D918 /* Debug */,
				CEFF039F1EE64F5F0015D918 /* Release */,
			);
			defaultConfigurationIsVisible = 0;
		};
/* End XCConfigurationList section */
	};
	rootObject = CEFF03831EE64F5F0015D918 /* Project object */;
}
